
Microsoft Visual Studio Solution File, Format Version 12.00
# Visual Studio Version 17
VisualStudioVersion = 17.1.32319.34
MinimumVisualStudioVersion = 10.0.40219.1
Project("{9A19103F-16F7-4668-BE54-9A1E7A4F7556}") = "GameLoaderBlazorLibrary", "GameLoaderBlazorLibrary.csproj", "{75198510-B612-498F-85B3-1C78CCCEC209}"
EndProject
Project("{9A19103F-16F7-4668-BE54-9A1E7A4F7556}") = "BasicGameFrameworkLibrary", "..\BasicGameFrameworkLibrary\BasicGameFrameworkLibrary.csproj", "{3D03C776-FBF9-43BF-927D-C574CB6648C1}"
EndProject
Project("{9A19103F-16F7-4668-BE54-9A1E7A4F7556}") = "GamePackageSignalRClasses", "..\GamePackageSignalRClasses\GamePackageSignalRClasses.csproj", "{9426C261-DEB8-4DD3-8514-3C1A4A796C6B}"
EndProject
Project("{9A19103F-16F7-4668-BE54-9A1E7A4F7556}") = "GamePackageDIGenerator", "..\..\Generators\GamePackageDIGenerator\GamePackageDIGenerator.csproj", "{14E4C7F0-2E71-4874-92F5-4D2004E28929}"
EndProject
Global
	GlobalSection(SolutionConfigurationPlatforms) = preSolution
		Debug|Any CPU = Debug|Any CPU
		Release|Any CPU = Release|Any CPU
	EndGlobalSection
	GlobalSection(ProjectConfigurationPlatforms) = postSolution
		{75198510-B612-498F-85B3-1C78CCCEC209}.Debug|Any CPU.ActiveCfg = Debug|Any CPU
		{75198510-B612-498F-85B3-1C78CCCEC209}.Debug|Any CPU.Build.0 = Debug|Any CPU
		{75198510-B612-498F-85B3-1C78CCCEC209}.Release|Any CPU.ActiveCfg = Release|Any CPU
		{75198510-B612-498F-85B3-1C78CCCEC209}.Release|Any CPU.Build.0 = Release|Any CPU
		{3D03C776-FBF9-43BF-927D-C574CB6648C1}.Debug|Any CPU.ActiveCfg = Debug|Any CPU
		{3D03C776-FBF9-43BF-927D-C574CB6648C1}.Debug|Any CPU.Build.0 = Debug|Any CPU
		{3D03C776-FBF9-43BF-927D-C574CB6648C1}.Release|Any CPU.ActiveCfg = Release|Any CPU
		{3D03C776-FBF9-43BF-927D-C574CB6648C1}.Release|Any CPU.Build.0 = Release|Any CPU
		{9426C261-DEB8-4DD3-8514-3C1A4A796C6B}.Debug|Any CPU.ActiveCfg = Debug|Any CPU
		{9426C261-DEB8-4DD3-8514-3C1A4A796C6B}.Debug|Any CPU.Build.0 = Debug|Any CPU
		{9426C261-DEB8-4DD3-8514-3C1A4A796C6B}.Release|Any CPU.ActiveCfg = Release|Any CPU
		{9426C261-DEB8-4DD3-8514-3C1A4A796C6B}.Release|Any CPU.Build.0 = Release|Any CPU
		{14E4C7F0-2E71-4874-92F5-4D2004E28929}.Debug|Any CPU.ActiveCfg = Debug|Any CPU
		{14E4C7F0-2E71-4874-92F5-4D2004E28929}.Debug|Any CPU.Build.0 = Debug|Any CPU
		{14E4C7F0-2E71-4874-92F5-4D2004E28929}.Release|Any CPU.ActiveCfg = Release|Any CPU
		{14E4C7F0-2E71-4874-92F5-4D2004E28929}.Release|Any CPU.Build.0 = Release|Any CPU
	EndGlobalSection
	GlobalSection(SolutionProperties) = preSolution
		HideSolutionNode = FALSE
	EndGlobalSection
	GlobalSection(ExtensibilityGlobals) = postSolution
		SolutionGuid = {341BCE20-4BC3-4C26-AB6C-0A9FF5FC6854}
	EndGlobalSection
EndGlobal
