
Microsoft Visual Studio Solution File, Format Version 12.00
# Visual Studio Version 17
VisualStudioVersion = 17.0.31903.59
MinimumVisualStudioVersion = 10.0.40219.1
Project("{FAE04EC0-301F-11D3-BF4B-00C04F79EFBC}") = "GamePackageSerializeGenerator", "GamePackageSerializeGenerator.csproj", "{9F30A17F-31FB-4C80-9A77-47BCEA928C7F}"
EndProject
Global
	GlobalSection(SolutionConfigurationPlatforms) = preSolution
		Debug|Any CPU = Debug|Any CPU
		Release|Any CPU = Release|Any CPU
	EndGlobalSection
	GlobalSection(ProjectConfigurationPlatforms) = postSolution
		{9F30A17F-31FB-4C80-9A77-47BCEA928C7F}.Debug|Any CPU.ActiveCfg = Debug|Any CPU
		{9F30A17F-31FB-4C80-9A77-47BCEA928C7F}.Debug|Any CPU.Build.0 = Debug|Any CPU
		{9F30A17F-31FB-4C80-9A77-47BCEA928C7F}.Release|Any CPU.ActiveCfg = Release|Any CPU
		{9F30A17F-31FB-4C80-9A77-47BCEA928C7F}.Release|Any CPU.Build.0 = Release|Any CPU
	EndGlobalSection
	GlobalSection(SolutionProperties) = preSolution
		HideSolutionNode = FALSE
	EndGlobalSection
	GlobalSection(ExtensibilityGlobals) = postSolution
		SolutionGuid = {AF28FC04-634A-450B-B21D-C5A9797982DE}
	EndGlobalSection
EndGlobal
