
Microsoft Visual Studio Solution File, Format Version 12.00
# Visual Studio Version 17
VisualStudioVersion = 17.3.32804.467
MinimumVisualStudioVersion = 10.0.40219.1
Project("{FAE04EC0-301F-11D3-BF4B-00C04F79EFBC}") = "MultiplayerSignalRHubClasses", "MultiplayerSignalRHubClasses.csproj", "{7D94699B-0F20-4CA1-910E-340CB8DD117C}"
EndProject
Project("{9A19103F-16F7-4668-BE54-9A1E7A4F7556}") = "BasicGameFrameworkLibrary", "..\BasicGameFrameworkLibrary\BasicGameFrameworkLibrary.csproj", "{D0D85C10-9882-432A-889B-6933C21942B8}"
EndProject
Project("{9A19103F-16F7-4668-BE54-9A1E7A4F7556}") = "GamePackageSerializeGenerator", "..\..\Generators\GamePackageSerializeGenerator\GamePackageSerializeGenerator.csproj", "{EFB1EC2B-BC57-4FB3-84C6-5F66B98DDB65}"
EndProject
Global
	GlobalSection(SolutionConfigurationPlatforms) = preSolution
		Debug|Any CPU = Debug|Any CPU
		Release|Any CPU = Release|Any CPU
	EndGlobalSection
	GlobalSection(ProjectConfigurationPlatforms) = postSolution
		{7D94699B-0F20-4CA1-910E-340CB8DD117C}.Debug|Any CPU.ActiveCfg = Debug|Any CPU
		{7D94699B-0F20-4CA1-910E-340CB8DD117C}.Debug|Any CPU.Build.0 = Debug|Any CPU
		{7D94699B-0F20-4CA1-910E-340CB8DD117C}.Release|Any CPU.ActiveCfg = Release|Any CPU
		{7D94699B-0F20-4CA1-910E-340CB8DD117C}.Release|Any CPU.Build.0 = Release|Any CPU
		{D0D85C10-9882-432A-889B-6933C21942B8}.Debug|Any CPU.ActiveCfg = Debug|Any CPU
		{D0D85C10-9882-432A-889B-6933C21942B8}.Debug|Any CPU.Build.0 = Debug|Any CPU
		{D0D85C10-9882-432A-889B-6933C21942B8}.Release|Any CPU.ActiveCfg = Release|Any CPU
		{D0D85C10-9882-432A-889B-6933C21942B8}.Release|Any CPU.Build.0 = Release|Any CPU
		{EFB1EC2B-BC57-4FB3-84C6-5F66B98DDB65}.Debug|Any CPU.ActiveCfg = Debug|Any CPU
		{EFB1EC2B-BC57-4FB3-84C6-5F66B98DDB65}.Debug|Any CPU.Build.0 = Debug|Any CPU
		{EFB1EC2B-BC57-4FB3-84C6-5F66B98DDB65}.Release|Any CPU.ActiveCfg = Release|Any CPU
		{EFB1EC2B-BC57-4FB3-84C6-5F66B98DDB65}.Release|Any CPU.Build.0 = Release|Any CPU
	EndGlobalSection
	GlobalSection(SolutionProperties) = preSolution
		HideSolutionNode = FALSE
	EndGlobalSection
	GlobalSection(ExtensibilityGlobals) = postSolution
		SolutionGuid = {98526DC8-CEEB-4418-BA6C-BD7A9AC1BFCB}
	EndGlobalSection
EndGlobal
